
Microsoft Visual Studio Solution File, Format Version 12.00
# Visual Studio 2013
VisualStudioVersion = 12.0.31101.0
MinimumVisualStudioVersion = 10.0.40219.1
Project("{FAE04EC0-301F-11D3-BF4B-00C04F79EFBC}") = "EmbeddedRavenDB.Web", "EmbeddedRavenDB.Web\EmbeddedRavenDB.Web.csproj", "{441AD7A6-1733-4BF9-B6D8-337481AEFC4F}"
EndProject
Project("{FAE04EC0-301F-11D3-BF4B-00C04F79EFBC}") = "EmbeddedRavenDB.DataAccess", "EmbeddedRavenDB.DataAccess\EmbeddedRavenDB.DataAccess.csproj", "{07248F85-23A0-4D3C-A47B-170C9D8DB865}"
EndProject
Project("{FAE04EC0-301F-11D3-BF4B-00C04F79EFBC}") = "EmbeddedRavenDB.Models", "EmbeddedRavenDB.Models\EmbeddedRavenDB.Models.csproj", "{529ACE83-2019-4ABC-B48D-55A0B62C66FA}"
EndProject
Project("{FAE04EC0-301F-11D3-BF4B-00C04F79EFBC}") = "EmbeddedRavenDB.Web.Tests", "EmbeddedRavenDB.Web.Tests\EmbeddedRavenDB.Web.Tests.csproj", "{86CE14F1-ABE9-49A4-B6BB-B76E1189C75D}"
EndProject
Global
	GlobalSection(SolutionConfigurationPlatforms) = preSolution
		Debug|Any CPU = Debug|Any CPU
		Release|Any CPU = Release|Any CPU
	EndGlobalSection
	GlobalSection(ProjectConfigurationPlatforms) = postSolution
		{441AD7A6-1733-4BF9-B6D8-337481AEFC4F}.Debug|Any CPU.ActiveCfg = Debug|Any CPU
		{441AD7A6-1733-4BF9-B6D8-337481AEFC4F}.Debug|Any CPU.Build.0 = Debug|Any CPU
		{441AD7A6-1733-4BF9-B6D8-337481AEFC4F}.Release|Any CPU.ActiveCfg = Release|Any CPU
		{441AD7A6-1733-4BF9-B6D8-337481AEFC4F}.Release|Any CPU.Build.0 = Release|Any CPU
		{07248F85-23A0-4D3C-A47B-170C9D8DB865}.Debug|Any CPU.ActiveCfg = Debug|Any CPU
		{07248F85-23A0-4D3C-A47B-170C9D8DB865}.Debug|Any CPU.Build.0 = Debug|Any CPU
		{07248F85-23A0-4D3C-A47B-170C9D8DB865}.Release|Any CPU.ActiveCfg = Release|Any CPU
		{07248F85-23A0-4D3C-A47B-170C9D8DB865}.Release|Any CPU.Build.0 = Release|Any CPU
		{529ACE83-2019-4ABC-B48D-55A0B62C66FA}.Debug|Any CPU.ActiveCfg = Debug|Any CPU
		{529ACE83-2019-4ABC-B48D-55A0B62C66FA}.Debug|Any CPU.Build.0 = Debug|Any CPU
		{529ACE83-2019-4ABC-B48D-55A0B62C66FA}.Release|Any CPU.ActiveCfg = Release|Any CPU
		{529ACE83-2019-4ABC-B48D-55A0B62C66FA}.Release|Any CPU.Build.0 = Release|Any CPU
		{86CE14F1-ABE9-49A4-B6BB-B76E1189C75D}.Debug|Any CPU.ActiveCfg = Debug|Any CPU
		{86CE14F1-ABE9-49A4-B6BB-B76E1189C75D}.Debug|Any CPU.Build.0 = Debug|Any CPU
		{86CE14F1-ABE9-49A4-B6BB-B76E1189C75D}.Release|Any CPU.ActiveCfg = Release|Any CPU
		{86CE14F1-ABE9-49A4-B6BB-B76E1189C75D}.Release|Any CPU.Build.0 = Release|Any CPU
	EndGlobalSection
	GlobalSection(SolutionProperties) = preSolution
		HideSolutionNode = FALSE
	EndGlobalSection
EndGlobal
